
Microsoft Visual Studio Solution File, Format Version 12.00
# Visual Studio Version 16
VisualStudioVersion = 16.0.31402.337
MinimumVisualStudioVersion = 10.0.40219.1
Project("{9A19103F-16F7-4668-BE54-9A1E7A4F7556}") = "Botw", "Botw\Botw.csproj", "{AC34C237-00DA-4296-8D95-3B8DCDC3821B}"
EndProject
Project("{2150E333-8FDC-42A3-9474-1A3956D46DE8}") = "Mod Manager UI", "Mod Manager UI", "{55D5CE7F-CADE-48A1-9617-BDA0DD3BB24A}"
EndProject
Project("{9A19103F-16F7-4668-BE54-9A1E7A4F7556}") = "Mod Manager UI", "Mod Manager UI\Mod Manager UI.csproj", "{B0D2FB2D-9420-4D45-8ADE-73AF9C98C0D6}"
EndProject
Project("{9A19103F-16F7-4668-BE54-9A1E7A4F7556}") = "SW - Msyt Editor", "SW_SimpleMsytEditor\SW - Msyt Editor.csproj", "{A2AADED1-B6E7-4355-A3FE-6D5C389E75E2}"
EndProject
Project("{9A19103F-16F7-4668-BE54-9A1E7A4F7556}") = "Setup", "Setup\Setup.csproj", "{524DF47B-6646-4A77-B667-E80AB7E7327E}"
EndProject
Project("{FAE04EC0-301F-11D3-BF4B-00C04F79EFBC}") = "Resource", "Resource\Resource.csproj", "{BE4F1D3A-4764-4521-BFFC-5C7AF84AD43F}"
EndProject
Global
	GlobalSection(SolutionConfigurationPlatforms) = preSolution
		Debug|Any CPU = Debug|Any CPU
		Debug|x64 = Debug|x64
		Release|Any CPU = Release|Any CPU
		Release|x64 = Release|x64
		Release-x64|Any CPU = Release-x64|Any CPU
		Release-x64|x64 = Release-x64|x64
	EndGlobalSection
	GlobalSection(ProjectConfigurationPlatforms) = postSolution
		{AC34C237-00DA-4296-8D95-3B8DCDC3821B}.Debug|Any CPU.ActiveCfg = Debug|Any CPU
		{AC34C237-00DA-4296-8D95-3B8DCDC3821B}.Debug|Any CPU.Build.0 = Debug|Any CPU
		{AC34C237-00DA-4296-8D95-3B8DCDC3821B}.Debug|x64.ActiveCfg = Debug|Any CPU
		{AC34C237-00DA-4296-8D95-3B8DCDC3821B}.Debug|x64.Build.0 = Debug|Any CPU
		{AC34C237-00DA-4296-8D95-3B8DCDC3821B}.Release|Any CPU.ActiveCfg = Release|Any CPU
		{AC34C237-00DA-4296-8D95-3B8DCDC3821B}.Release|Any CPU.Build.0 = Release|Any CPU
		{AC34C237-00DA-4296-8D95-3B8DCDC3821B}.Release|x64.ActiveCfg = Release|Any CPU
		{AC34C237-00DA-4296-8D95-3B8DCDC3821B}.Release|x64.Build.0 = Release|Any CPU
		{AC34C237-00DA-4296-8D95-3B8DCDC3821B}.Release-x64|Any CPU.ActiveCfg = Release|Any CPU
		{AC34C237-00DA-4296-8D95-3B8DCDC3821B}.Release-x64|Any CPU.Build.0 = Release|Any CPU
		{AC34C237-00DA-4296-8D95-3B8DCDC3821B}.Release-x64|x64.ActiveCfg = Release|Any CPU
		{AC34C237-00DA-4296-8D95-3B8DCDC3821B}.Release-x64|x64.Build.0 = Release|Any CPU
		{B0D2FB2D-9420-4D45-8ADE-73AF9C98C0D6}.Debug|Any CPU.ActiveCfg = Debug|Any CPU
		{B0D2FB2D-9420-4D45-8ADE-73AF9C98C0D6}.Debug|Any CPU.Build.0 = Debug|Any CPU
		{B0D2FB2D-9420-4D45-8ADE-73AF9C98C0D6}.Debug|x64.ActiveCfg = Debug|Any CPU
		{B0D2FB2D-9420-4D45-8ADE-73AF9C98C0D6}.Debug|x64.Build.0 = Debug|Any CPU
		{B0D2FB2D-9420-4D45-8ADE-73AF9C98C0D6}.Release|Any CPU.ActiveCfg = Release|Any CPU
		{B0D2FB2D-9420-4D45-8ADE-73AF9C98C0D6}.Release|Any CPU.Build.0 = Release|Any CPU
		{B0D2FB2D-9420-4D45-8ADE-73AF9C98C0D6}.Release|x64.ActiveCfg = Release|Any CPU
		{B0D2FB2D-9420-4D45-8ADE-73AF9C98C0D6}.Release|x64.Build.0 = Release|Any CPU
		{B0D2FB2D-9420-4D45-8ADE-73AF9C98C0D6}.Release-x64|Any CPU.ActiveCfg = Release|Any CPU
		{B0D2FB2D-9420-4D45-8ADE-73AF9C98C0D6}.Release-x64|Any CPU.Build.0 = Release|Any CPU
		{B0D2FB2D-9420-4D45-8ADE-73AF9C98C0D6}.Release-x64|x64.ActiveCfg = Release|Any CPU
		{B0D2FB2D-9420-4D45-8ADE-73AF9C98C0D6}.Release-x64|x64.Build.0 = Release|Any CPU
		{A2AADED1-B6E7-4355-A3FE-6D5C389E75E2}.Debug|Any CPU.ActiveCfg = Debug|Any CPU
		{A2AADED1-B6E7-4355-A3FE-6D5C389E75E2}.Debug|Any CPU.Build.0 = Debug|Any CPU
		{A2AADED1-B6E7-4355-A3FE-6D5C389E75E2}.Debug|x64.ActiveCfg = Debug|Any CPU
		{A2AADED1-B6E7-4355-A3FE-6D5C389E75E2}.Debug|x64.Build.0 = Debug|Any CPU
		{A2AADED1-B6E7-4355-A3FE-6D5C389E75E2}.Release|Any CPU.ActiveCfg = Release|Any CPU
		{A2AADED1-B6E7-4355-A3FE-6D5C389E75E2}.Release|Any CPU.Build.0 = Release|Any CPU
		{A2AADED1-B6E7-4355-A3FE-6D5C389E75E2}.Release|x64.ActiveCfg = Release|Any CPU
		{A2AADED1-B6E7-4355-A3FE-6D5C389E75E2}.Release|x64.Build.0 = Release|Any CPU
		{A2AADED1-B6E7-4355-A3FE-6D5C389E75E2}.Release-x64|Any CPU.ActiveCfg = Release|Any CPU
		{A2AADED1-B6E7-4355-A3FE-6D5C389E75E2}.Release-x64|Any CPU.Build.0 = Release|Any CPU
		{A2AADED1-B6E7-4355-A3FE-6D5C389E75E2}.Release-x64|x64.ActiveCfg = Release|Any CPU
		{A2AADED1-B6E7-4355-A3FE-6D5C389E75E2}.Release-x64|x64.Build.0 = Release|Any CPU
		{524DF47B-6646-4A77-B667-E80AB7E7327E}.Debug|Any CPU.ActiveCfg = Debug|Any CPU
		{524DF47B-6646-4A77-B667-E80AB7E7327E}.Debug|Any CPU.Build.0 = Debug|Any CPU
		{524DF47B-6646-4A77-B667-E80AB7E7327E}.Debug|x64.ActiveCfg = Debug|Any CPU
		{524DF47B-6646-4A77-B667-E80AB7E7327E}.Debug|x64.Build.0 = Debug|Any CPU
		{524DF47B-6646-4A77-B667-E80AB7E7327E}.Release|Any CPU.ActiveCfg = Release|Any CPU
		{524DF47B-6646-4A77-B667-E80AB7E7327E}.Release|Any CPU.Build.0 = Release|Any CPU
		{524DF47B-6646-4A77-B667-E80AB7E7327E}.Release|x64.ActiveCfg = Release|Any CPU
		{524DF47B-6646-4A77-B667-E80AB7E7327E}.Release|x64.Build.0 = Release|Any CPU
		{524DF47B-6646-4A77-B667-E80AB7E7327E}.Release-x64|Any CPU.ActiveCfg = Release|Any CPU
		{524DF47B-6646-4A77-B667-E80AB7E7327E}.Release-x64|Any CPU.Build.0 = Release|Any CPU
		{524DF47B-6646-4A77-B667-E80AB7E7327E}.Release-x64|x64.ActiveCfg = Release|Any CPU
		{524DF47B-6646-4A77-B667-E80AB7E7327E}.Release-x64|x64.Build.0 = Release|Any CPU
		{BE4F1D3A-4764-4521-BFFC-5C7AF84AD43F}.Debug|Any CPU.ActiveCfg = Debug|Any CPU
		{BE4F1D3A-4764-4521-BFFC-5C7AF84AD43F}.Debug|Any CPU.Build.0 = Debug|Any CPU
		{BE4F1D3A-4764-4521-BFFC-5C7AF84AD43F}.Debug|x64.ActiveCfg = Debug|Any CPU
		{BE4F1D3A-4764-4521-BFFC-5C7AF84AD43F}.Debug|x64.Build.0 = Debug|Any CPU
		{BE4F1D3A-4764-4521-BFFC-5C7AF84AD43F}.Release|Any CPU.ActiveCfg = Release|Any CPU
		{BE4F1D3A-4764-4521-BFFC-5C7AF84AD43F}.Release|Any CPU.Build.0 = Release|Any CPU
		{BE4F1D3A-4764-4521-BFFC-5C7AF84AD43F}.Release|x64.ActiveCfg = Release|Any CPU
		{BE4F1D3A-4764-4521-BFFC-5C7AF84AD43F}.Release|x64.Build.0 = Release|Any CPU
		{BE4F1D3A-4764-4521-BFFC-5C7AF84AD43F}.Release-x64|Any CPU.ActiveCfg = Release|Any CPU
		{BE4F1D3A-4764-4521-BFFC-5C7AF84AD43F}.Release-x64|Any CPU.Build.0 = Release|Any CPU
		{BE4F1D3A-4764-4521-BFFC-5C7AF84AD43F}.Release-x64|x64.ActiveCfg = Release|Any CPU
		{BE4F1D3A-4764-4521-BFFC-5C7AF84AD43F}.Release-x64|x64.Build.0 = Release|Any CPU
	EndGlobalSection
	GlobalSection(SolutionProperties) = preSolution
		HideSolutionNode = FALSE
	EndGlobalSection
	GlobalSection(NestedProjects) = preSolution
		{B0D2FB2D-9420-4D45-8ADE-73AF9C98C0D6} = {55D5CE7F-CADE-48A1-9617-BDA0DD3BB24A}
	EndGlobalSection
	GlobalSection(ExtensibilityGlobals) = postSolution
		SolutionGuid = {C7CE2E63-3047-4CFA-A890-259593AD49E5}
	EndGlobalSection
EndGlobal
